
Microsoft Visual Studio Solution File, Format Version 12.00
# Visual Studio 14
VisualStudioVersion = 14.0.25420.1
MinimumVisualStudioVersion = 10.0.40219.1
Project("{FAE04EC0-301F-11D3-BF4B-00C04F79EFBC}") = "Client", "Client\Client.csproj", "{8D7E7EF4-15D1-4506-8B4C-C68FF0D0A442}"
EndProject
Project("{FAE04EC0-301F-11D3-BF4B-00C04F79EFBC}") = "Manager", "Manager\Manager.csproj", "{F94CBA7B-8FBF-4988-A5A2-2347503403B5}"
	ProjectSection(ProjectDependencies) = postProject
		{C53DE250-2688-42F0-824B-4CAAC5A10419} = {C53DE250-2688-42F0-824B-4CAAC5A10419}
		{ED52D878-D56B-4DC3-AE17-234B3AE30024} = {ED52D878-D56B-4DC3-AE17-234B3AE30024}
	EndProjectSection
EndProject
Project("{FAE04EC0-301F-11D3-BF4B-00C04F79EFBC}") = "DataAccess", "DataAccess\DataAccess.csproj", "{C53DE250-2688-42F0-824B-4CAAC5A10419}"
EndProject
Project("{FAE04EC0-301F-11D3-BF4B-00C04F79EFBC}") = "ViewModel", "ViewModel\ViewModel.csproj", "{ED52D878-D56B-4DC3-AE17-234B3AE30024}"
EndProject
Project("{2150E333-8FDC-42A3-9474-1A3956D46DE8}") = "01 Client", "01 Client", "{7F30832B-2E63-43C1-883E-F0FF9D5122C5}"
EndProject
Project("{2150E333-8FDC-42A3-9474-1A3956D46DE8}") = "02 Server", "02 Server", "{799BA67E-60C2-40C0-BD6C-7935925AF54B}"
EndProject
Project("{2150E333-8FDC-42A3-9474-1A3956D46DE8}") = "03 Manager", "03 Manager", "{80504913-9702-47AB-B538-D1D6641F3A10}"
EndProject
Project("{2150E333-8FDC-42A3-9474-1A3956D46DE8}") = "04 DataAccess", "04 DataAccess", "{5E8BC064-2E25-4D5A-9DF5-162907B7EEEB}"
EndProject
Project("{2150E333-8FDC-42A3-9474-1A3956D46DE8}") = "05 Model", "05 Model", "{097B90E0-A122-46AB-81F2-7103E84A39ED}"
EndProject
Project("{FAE04EC0-301F-11D3-BF4B-00C04F79EFBC}") = "Server", "Server\Server.csproj", "{1C58A46D-FE5C-46AB-A64C-C0AA0E9C5F77}"
	ProjectSection(ProjectDependencies) = postProject
		{C53DE250-2688-42F0-824B-4CAAC5A10419} = {C53DE250-2688-42F0-824B-4CAAC5A10419}
	EndProjectSection
EndProject
Project("{FAE04EC0-301F-11D3-BF4B-00C04F79EFBC}") = "Server.Test", "Server.Test\Server.Test.csproj", "{2147E7F6-D02D-4886-96C8-A1E8ECF35DC9}"
EndProject
Project("{FAE04EC0-301F-11D3-BF4B-00C04F79EFBC}") = "Manager.Test", "Manager.Test\Manager.Test.csproj", "{E9854381-9A86-4A59-8EB7-DE42A1FE92BF}"
EndProject
Project("{2150E333-8FDC-42A3-9474-1A3956D46DE8}") = "06 Library", "06 Library", "{492C0A05-A31B-4BA4-A178-19D0F6565FD1}"
EndProject
Project("{FAE04EC0-301F-11D3-BF4B-00C04F79EFBC}") = "Messenger.Emailer", "Messenger.Emailer\Messenger.Emailer.csproj", "{A86BB694-CDB0-4406-BDDD-885A2D2F8B03}"
EndProject
Global
	GlobalSection(SolutionConfigurationPlatforms) = preSolution
		Debug|Any CPU = Debug|Any CPU
		Release|Any CPU = Release|Any CPU
	EndGlobalSection
	GlobalSection(ProjectConfigurationPlatforms) = postSolution
		{8D7E7EF4-15D1-4506-8B4C-C68FF0D0A442}.Debug|Any CPU.ActiveCfg = Debug|Any CPU
		{8D7E7EF4-15D1-4506-8B4C-C68FF0D0A442}.Debug|Any CPU.Build.0 = Debug|Any CPU
		{8D7E7EF4-15D1-4506-8B4C-C68FF0D0A442}.Release|Any CPU.ActiveCfg = Release|Any CPU
		{8D7E7EF4-15D1-4506-8B4C-C68FF0D0A442}.Release|Any CPU.Build.0 = Release|Any CPU
		{F94CBA7B-8FBF-4988-A5A2-2347503403B5}.Debug|Any CPU.ActiveCfg = Debug|Any CPU
		{F94CBA7B-8FBF-4988-A5A2-2347503403B5}.Debug|Any CPU.Build.0 = Debug|Any CPU
		{F94CBA7B-8FBF-4988-A5A2-2347503403B5}.Release|Any CPU.ActiveCfg = Release|Any CPU
		{F94CBA7B-8FBF-4988-A5A2-2347503403B5}.Release|Any CPU.Build.0 = Release|Any CPU
		{C53DE250-2688-42F0-824B-4CAAC5A10419}.Debug|Any CPU.ActiveCfg = Debug|Any CPU
		{C53DE250-2688-42F0-824B-4CAAC5A10419}.Debug|Any CPU.Build.0 = Debug|Any CPU
		{C53DE250-2688-42F0-824B-4CAAC5A10419}.Release|Any CPU.ActiveCfg = Release|Any CPU
		{C53DE250-2688-42F0-824B-4CAAC5A10419}.Release|Any CPU.Build.0 = Release|Any CPU
		{ED52D878-D56B-4DC3-AE17-234B3AE30024}.Debug|Any CPU.ActiveCfg = Debug|Any CPU
		{ED52D878-D56B-4DC3-AE17-234B3AE30024}.Debug|Any CPU.Build.0 = Debug|Any CPU
		{ED52D878-D56B-4DC3-AE17-234B3AE30024}.Release|Any CPU.ActiveCfg = Release|Any CPU
		{ED52D878-D56B-4DC3-AE17-234B3AE30024}.Release|Any CPU.Build.0 = Release|Any CPU
		{1C58A46D-FE5C-46AB-A64C-C0AA0E9C5F77}.Debug|Any CPU.ActiveCfg = Debug|Any CPU
		{1C58A46D-FE5C-46AB-A64C-C0AA0E9C5F77}.Debug|Any CPU.Build.0 = Debug|Any CPU
		{1C58A46D-FE5C-46AB-A64C-C0AA0E9C5F77}.Release|Any CPU.ActiveCfg = Release|Any CPU
		{1C58A46D-FE5C-46AB-A64C-C0AA0E9C5F77}.Release|Any CPU.Build.0 = Release|Any CPU
		{2147E7F6-D02D-4886-96C8-A1E8ECF35DC9}.Debug|Any CPU.ActiveCfg = Debug|Any CPU
		{2147E7F6-D02D-4886-96C8-A1E8ECF35DC9}.Debug|Any CPU.Build.0 = Debug|Any CPU
		{2147E7F6-D02D-4886-96C8-A1E8ECF35DC9}.Release|Any CPU.ActiveCfg = Release|Any CPU
		{2147E7F6-D02D-4886-96C8-A1E8ECF35DC9}.Release|Any CPU.Build.0 = Release|Any CPU
		{E9854381-9A86-4A59-8EB7-DE42A1FE92BF}.Debug|Any CPU.ActiveCfg = Debug|Any CPU
		{E9854381-9A86-4A59-8EB7-DE42A1FE92BF}.Debug|Any CPU.Build.0 = Debug|Any CPU
		{E9854381-9A86-4A59-8EB7-DE42A1FE92BF}.Release|Any CPU.ActiveCfg = Release|Any CPU
		{E9854381-9A86-4A59-8EB7-DE42A1FE92BF}.Release|Any CPU.Build.0 = Release|Any CPU
		{A86BB694-CDB0-4406-BDDD-885A2D2F8B03}.Debug|Any CPU.ActiveCfg = Debug|Any CPU
		{A86BB694-CDB0-4406-BDDD-885A2D2F8B03}.Debug|Any CPU.Build.0 = Debug|Any CPU
		{A86BB694-CDB0-4406-BDDD-885A2D2F8B03}.Release|Any CPU.ActiveCfg = Release|Any CPU
		{A86BB694-CDB0-4406-BDDD-885A2D2F8B03}.Release|Any CPU.Build.0 = Release|Any CPU
	EndGlobalSection
	GlobalSection(SolutionProperties) = preSolution
		HideSolutionNode = FALSE
	EndGlobalSection
	GlobalSection(NestedProjects) = preSolution
		{8D7E7EF4-15D1-4506-8B4C-C68FF0D0A442} = {7F30832B-2E63-43C1-883E-F0FF9D5122C5}
		{F94CBA7B-8FBF-4988-A5A2-2347503403B5} = {80504913-9702-47AB-B538-D1D6641F3A10}
		{C53DE250-2688-42F0-824B-4CAAC5A10419} = {5E8BC064-2E25-4D5A-9DF5-162907B7EEEB}
		{ED52D878-D56B-4DC3-AE17-234B3AE30024} = {097B90E0-A122-46AB-81F2-7103E84A39ED}
		{1C58A46D-FE5C-46AB-A64C-C0AA0E9C5F77} = {799BA67E-60C2-40C0-BD6C-7935925AF54B}
		{2147E7F6-D02D-4886-96C8-A1E8ECF35DC9} = {799BA67E-60C2-40C0-BD6C-7935925AF54B}
		{E9854381-9A86-4A59-8EB7-DE42A1FE92BF} = {80504913-9702-47AB-B538-D1D6641F3A10}
		{A86BB694-CDB0-4406-BDDD-885A2D2F8B03} = {492C0A05-A31B-4BA4-A178-19D0F6565FD1}
	EndGlobalSection
EndGlobal
