
Microsoft Visual Studio Solution File, Format Version 12.00
# Visual Studio 14
VisualStudioVersion = 14.0.25420.1
MinimumVisualStudioVersion = 10.0.40219.1
Project("{FAE04EC0-301F-11D3-BF4B-00C04F79EFBC}") = "Vta.ApiApp", "Vta.ApiApp\Vta.ApiApp.csproj", "{9295EE66-F445-4AF0-ACA4-9AFDEAFE81D0}"
EndProject
Project("{FAE04EC0-301F-11D3-BF4B-00C04F79EFBC}") = "Vta.Permission", "Vta.Permission\Vta.Permission.csproj", "{1FE47A31-0FF9-4FE8-BC71-40D618BE2455}"
EndProject
Project("{FAE04EC0-301F-11D3-BF4B-00C04F79EFBC}") = "Vta.Models", "Vta.Models\Vta.Models.csproj", "{1FFB3CF0-056D-47E0-8335-F46DC10742E5}"
EndProject
Project("{FAE04EC0-301F-11D3-BF4B-00C04F79EFBC}") = "Vta.Service", "Vta.Service\Vta.Service.csproj", "{103907B9-B80B-4651-B135-C9EAD3850E27}"
EndProject
Project("{FAE04EC0-301F-11D3-BF4B-00C04F79EFBC}") = "Vta.ViewModels", "Vta.ViewModels\Vta.ViewModels.csproj", "{1D96EABD-3D0C-499E-9531-EF2BD46F1600}"
EndProject
Project("{FAE04EC0-301F-11D3-BF4B-00C04F79EFBC}") = "Vta.Repository", "Vta.Repository\Vta.Repository.csproj", "{84EAADD7-5E22-42AA-9C61-3627A86E0817}"
EndProject
Project("{2150E333-8FDC-42A3-9474-1A3956D46DE8}") = "01 Server", "01 Server", "{20296213-3138-4BE4-BF3C-94D4F0916BDB}"
EndProject
Project("{2150E333-8FDC-42A3-9474-1A3956D46DE8}") = "02 Service", "02 Service", "{271B5CAF-FDF5-4B00-B1E2-D3671044A05C}"
EndProject
Project("{2150E333-8FDC-42A3-9474-1A3956D46DE8}") = "03 Repository", "03 Repository", "{970D7D16-3F33-470E-8362-4922AE7006FB}"
EndProject
Project("{2150E333-8FDC-42A3-9474-1A3956D46DE8}") = "04 Model", "04 Model", "{5DEF9776-CAFA-4F65-A404-7A72F3FC0304}"
EndProject
Project("{2150E333-8FDC-42A3-9474-1A3956D46DE8}") = "05 Infrastructure", "05 Infrastructure", "{E7543A27-61A6-461F-98EB-858145212435}"
EndProject
Project("{FAE04EC0-301F-11D3-BF4B-00C04F79EFBC}") = "Vta.Service.Test", "Vta.Service.Test\Vta.Service.Test.csproj", "{C26F8674-78A0-4C33-8485-300CFB337139}"
EndProject
Project("{FAE04EC0-301F-11D3-BF4B-00C04F79EFBC}") = "Vta.RequestModels", "Vta.RequestModels\Vta.RequestModels.csproj", "{45855334-9412-42A4-9547-6513BAE7EF19}"
EndProject
Project("{FAE04EC0-301F-11D3-BF4B-00C04F79EFBC}") = "Vta.Permission.Mvc", "Vta.Permission.Mvc\Vta.Permission.Mvc.csproj", "{B32C84FD-3EA8-4E15-A78E-0666D8665285}"
EndProject
Project("{FAE04EC0-301F-11D3-BF4B-00C04F79EFBC}") = "Vta.Filters", "Vta.Filters\Vta.Filters.csproj", "{230AC00A-A7DE-4F0D-A8EE-78FC525C249C}"
EndProject
Project("{FAE04EC0-301F-11D3-BF4B-00C04F79EFBC}") = "Vta.WebClient", "Vta.WebClient\Vta.WebClient.csproj", "{EAF9B801-88E7-4E06-A3D5-A866ACD084AB}"
EndProject
Global
	GlobalSection(SolutionConfigurationPlatforms) = preSolution
		Debug|Any CPU = Debug|Any CPU
		Release|Any CPU = Release|Any CPU
	EndGlobalSection
	GlobalSection(ProjectConfigurationPlatforms) = postSolution
		{9295EE66-F445-4AF0-ACA4-9AFDEAFE81D0}.Debug|Any CPU.ActiveCfg = Debug|Any CPU
		{9295EE66-F445-4AF0-ACA4-9AFDEAFE81D0}.Debug|Any CPU.Build.0 = Debug|Any CPU
		{9295EE66-F445-4AF0-ACA4-9AFDEAFE81D0}.Release|Any CPU.ActiveCfg = Release|Any CPU
		{9295EE66-F445-4AF0-ACA4-9AFDEAFE81D0}.Release|Any CPU.Build.0 = Release|Any CPU
		{1FE47A31-0FF9-4FE8-BC71-40D618BE2455}.Debug|Any CPU.ActiveCfg = Debug|Any CPU
		{1FE47A31-0FF9-4FE8-BC71-40D618BE2455}.Debug|Any CPU.Build.0 = Debug|Any CPU
		{1FE47A31-0FF9-4FE8-BC71-40D618BE2455}.Release|Any CPU.ActiveCfg = Release|Any CPU
		{1FE47A31-0FF9-4FE8-BC71-40D618BE2455}.Release|Any CPU.Build.0 = Release|Any CPU
		{1FFB3CF0-056D-47E0-8335-F46DC10742E5}.Debug|Any CPU.ActiveCfg = Debug|Any CPU
		{1FFB3CF0-056D-47E0-8335-F46DC10742E5}.Debug|Any CPU.Build.0 = Debug|Any CPU
		{1FFB3CF0-056D-47E0-8335-F46DC10742E5}.Release|Any CPU.ActiveCfg = Release|Any CPU
		{1FFB3CF0-056D-47E0-8335-F46DC10742E5}.Release|Any CPU.Build.0 = Release|Any CPU
		{103907B9-B80B-4651-B135-C9EAD3850E27}.Debug|Any CPU.ActiveCfg = Debug|Any CPU
		{103907B9-B80B-4651-B135-C9EAD3850E27}.Debug|Any CPU.Build.0 = Debug|Any CPU
		{103907B9-B80B-4651-B135-C9EAD3850E27}.Release|Any CPU.ActiveCfg = Release|Any CPU
		{103907B9-B80B-4651-B135-C9EAD3850E27}.Release|Any CPU.Build.0 = Release|Any CPU
		{1D96EABD-3D0C-499E-9531-EF2BD46F1600}.Debug|Any CPU.ActiveCfg = Debug|Any CPU
		{1D96EABD-3D0C-499E-9531-EF2BD46F1600}.Debug|Any CPU.Build.0 = Debug|Any CPU
		{1D96EABD-3D0C-499E-9531-EF2BD46F1600}.Release|Any CPU.ActiveCfg = Release|Any CPU
		{1D96EABD-3D0C-499E-9531-EF2BD46F1600}.Release|Any CPU.Build.0 = Release|Any CPU
		{84EAADD7-5E22-42AA-9C61-3627A86E0817}.Debug|Any CPU.ActiveCfg = Debug|Any CPU
		{84EAADD7-5E22-42AA-9C61-3627A86E0817}.Debug|Any CPU.Build.0 = Debug|Any CPU
		{84EAADD7-5E22-42AA-9C61-3627A86E0817}.Release|Any CPU.ActiveCfg = Release|Any CPU
		{84EAADD7-5E22-42AA-9C61-3627A86E0817}.Release|Any CPU.Build.0 = Release|Any CPU
		{C26F8674-78A0-4C33-8485-300CFB337139}.Debug|Any CPU.ActiveCfg = Debug|Any CPU
		{C26F8674-78A0-4C33-8485-300CFB337139}.Debug|Any CPU.Build.0 = Debug|Any CPU
		{C26F8674-78A0-4C33-8485-300CFB337139}.Release|Any CPU.ActiveCfg = Release|Any CPU
		{C26F8674-78A0-4C33-8485-300CFB337139}.Release|Any CPU.Build.0 = Release|Any CPU
		{45855334-9412-42A4-9547-6513BAE7EF19}.Debug|Any CPU.ActiveCfg = Debug|Any CPU
		{45855334-9412-42A4-9547-6513BAE7EF19}.Debug|Any CPU.Build.0 = Debug|Any CPU
		{45855334-9412-42A4-9547-6513BAE7EF19}.Release|Any CPU.ActiveCfg = Release|Any CPU
		{45855334-9412-42A4-9547-6513BAE7EF19}.Release|Any CPU.Build.0 = Release|Any CPU
		{B32C84FD-3EA8-4E15-A78E-0666D8665285}.Debug|Any CPU.ActiveCfg = Debug|Any CPU
		{B32C84FD-3EA8-4E15-A78E-0666D8665285}.Debug|Any CPU.Build.0 = Debug|Any CPU
		{B32C84FD-3EA8-4E15-A78E-0666D8665285}.Release|Any CPU.ActiveCfg = Release|Any CPU
		{B32C84FD-3EA8-4E15-A78E-0666D8665285}.Release|Any CPU.Build.0 = Release|Any CPU
		{230AC00A-A7DE-4F0D-A8EE-78FC525C249C}.Debug|Any CPU.ActiveCfg = Debug|Any CPU
		{230AC00A-A7DE-4F0D-A8EE-78FC525C249C}.Debug|Any CPU.Build.0 = Debug|Any CPU
		{230AC00A-A7DE-4F0D-A8EE-78FC525C249C}.Release|Any CPU.ActiveCfg = Release|Any CPU
		{230AC00A-A7DE-4F0D-A8EE-78FC525C249C}.Release|Any CPU.Build.0 = Release|Any CPU
		{EAF9B801-88E7-4E06-A3D5-A866ACD084AB}.Debug|Any CPU.ActiveCfg = Debug|Any CPU
		{EAF9B801-88E7-4E06-A3D5-A866ACD084AB}.Debug|Any CPU.Build.0 = Debug|Any CPU
		{EAF9B801-88E7-4E06-A3D5-A866ACD084AB}.Release|Any CPU.ActiveCfg = Release|Any CPU
		{EAF9B801-88E7-4E06-A3D5-A866ACD084AB}.Release|Any CPU.Build.0 = Release|Any CPU
	EndGlobalSection
	GlobalSection(SolutionProperties) = preSolution
		HideSolutionNode = FALSE
	EndGlobalSection
	GlobalSection(NestedProjects) = preSolution
		{9295EE66-F445-4AF0-ACA4-9AFDEAFE81D0} = {20296213-3138-4BE4-BF3C-94D4F0916BDB}
		{1FE47A31-0FF9-4FE8-BC71-40D618BE2455} = {E7543A27-61A6-461F-98EB-858145212435}
		{1FFB3CF0-056D-47E0-8335-F46DC10742E5} = {5DEF9776-CAFA-4F65-A404-7A72F3FC0304}
		{103907B9-B80B-4651-B135-C9EAD3850E27} = {271B5CAF-FDF5-4B00-B1E2-D3671044A05C}
		{1D96EABD-3D0C-499E-9531-EF2BD46F1600} = {5DEF9776-CAFA-4F65-A404-7A72F3FC0304}
		{84EAADD7-5E22-42AA-9C61-3627A86E0817} = {970D7D16-3F33-470E-8362-4922AE7006FB}
		{C26F8674-78A0-4C33-8485-300CFB337139} = {271B5CAF-FDF5-4B00-B1E2-D3671044A05C}
		{45855334-9412-42A4-9547-6513BAE7EF19} = {5DEF9776-CAFA-4F65-A404-7A72F3FC0304}
		{B32C84FD-3EA8-4E15-A78E-0666D8665285} = {E7543A27-61A6-461F-98EB-858145212435}
		{230AC00A-A7DE-4F0D-A8EE-78FC525C249C} = {5DEF9776-CAFA-4F65-A404-7A72F3FC0304}
		{EAF9B801-88E7-4E06-A3D5-A866ACD084AB} = {20296213-3138-4BE4-BF3C-94D4F0916BDB}
	EndGlobalSection
EndGlobal
