
Microsoft Visual Studio Solution File, Format Version 12.00
# Visual Studio 15
VisualStudioVersion = 15.0.27130.2003
MinimumVisualStudioVersion = 10.0.40219.1
Project("{FAE04EC0-301F-11D3-BF4B-00C04F79EFBC}") = "Lbl.Server", "Lbl.Server\Lbl.Server.csproj", "{C0CFA7D2-1AEF-4194-B350-14F40C09F33D}"
EndProject
Project("{2150E333-8FDC-42A3-9474-1A3956D46DE8}") = "01 Server", "01 Server", "{81D60BA9-C947-4FB1-9D4F-6B7CDB34904F}"
EndProject
Project("{2150E333-8FDC-42A3-9474-1A3956D46DE8}") = "02 Service", "02 Service", "{3015D66F-3024-4D11-9CCE-4E58CEE7D3D9}"
EndProject
Project("{2150E333-8FDC-42A3-9474-1A3956D46DE8}") = "03 Repository", "03 Repository", "{AF378B6C-98B5-410A-A978-7286F518C805}"
EndProject
Project("{2150E333-8FDC-42A3-9474-1A3956D46DE8}") = "04 Model", "04 Model", "{E12EC54F-D0C5-40FF-A2D1-C23AD0234C14}"
EndProject
Project("{FAE04EC0-301F-11D3-BF4B-00C04F79EFBC}") = "Lbl.Service", "Lbl.Service\Lbl.Service.csproj", "{ADFA5E99-4130-4240-8FB1-EF12073D08BE}"
EndProject
Project("{FAE04EC0-301F-11D3-BF4B-00C04F79EFBC}") = "Lbl.Repository", "Lbl.Repository\Lbl.Repository.csproj", "{5589F646-A562-46E6-87DA-CB93A64ACEB4}"
EndProject
Project("{FAE04EC0-301F-11D3-BF4B-00C04F79EFBC}") = "Lbl.Model", "Lbl.Model\Lbl.Model.csproj", "{0745FFAF-85A6-471A-AF6A-4044D89EE72B}"
EndProject
Project("{FAE04EC0-301F-11D3-BF4B-00C04F79EFBC}") = "Lbl.RequestModel", "Lbl.RequestModel\Lbl.RequestModel.csproj", "{B4B6A0F6-2651-4CE2-BB42-4085F00E7DEB}"
EndProject
Project("{FAE04EC0-301F-11D3-BF4B-00C04F79EFBC}") = "Lbl.ViewModel", "Lbl.ViewModel\Lbl.ViewModel.csproj", "{52599BEA-5571-4B76-9B21-3CEF06B77302}"
EndProject
Global
	GlobalSection(SolutionConfigurationPlatforms) = preSolution
		Debug|Any CPU = Debug|Any CPU
		Release|Any CPU = Release|Any CPU
	EndGlobalSection
	GlobalSection(ProjectConfigurationPlatforms) = postSolution
		{C0CFA7D2-1AEF-4194-B350-14F40C09F33D}.Debug|Any CPU.ActiveCfg = Debug|Any CPU
		{C0CFA7D2-1AEF-4194-B350-14F40C09F33D}.Debug|Any CPU.Build.0 = Debug|Any CPU
		{C0CFA7D2-1AEF-4194-B350-14F40C09F33D}.Release|Any CPU.ActiveCfg = Release|Any CPU
		{C0CFA7D2-1AEF-4194-B350-14F40C09F33D}.Release|Any CPU.Build.0 = Release|Any CPU
		{ADFA5E99-4130-4240-8FB1-EF12073D08BE}.Debug|Any CPU.ActiveCfg = Debug|Any CPU
		{ADFA5E99-4130-4240-8FB1-EF12073D08BE}.Debug|Any CPU.Build.0 = Debug|Any CPU
		{ADFA5E99-4130-4240-8FB1-EF12073D08BE}.Release|Any CPU.ActiveCfg = Release|Any CPU
		{ADFA5E99-4130-4240-8FB1-EF12073D08BE}.Release|Any CPU.Build.0 = Release|Any CPU
		{5589F646-A562-46E6-87DA-CB93A64ACEB4}.Debug|Any CPU.ActiveCfg = Debug|Any CPU
		{5589F646-A562-46E6-87DA-CB93A64ACEB4}.Debug|Any CPU.Build.0 = Debug|Any CPU
		{5589F646-A562-46E6-87DA-CB93A64ACEB4}.Release|Any CPU.ActiveCfg = Release|Any CPU
		{5589F646-A562-46E6-87DA-CB93A64ACEB4}.Release|Any CPU.Build.0 = Release|Any CPU
		{0745FFAF-85A6-471A-AF6A-4044D89EE72B}.Debug|Any CPU.ActiveCfg = Debug|Any CPU
		{0745FFAF-85A6-471A-AF6A-4044D89EE72B}.Debug|Any CPU.Build.0 = Debug|Any CPU
		{0745FFAF-85A6-471A-AF6A-4044D89EE72B}.Release|Any CPU.ActiveCfg = Release|Any CPU
		{0745FFAF-85A6-471A-AF6A-4044D89EE72B}.Release|Any CPU.Build.0 = Release|Any CPU
		{B4B6A0F6-2651-4CE2-BB42-4085F00E7DEB}.Debug|Any CPU.ActiveCfg = Debug|Any CPU
		{B4B6A0F6-2651-4CE2-BB42-4085F00E7DEB}.Debug|Any CPU.Build.0 = Debug|Any CPU
		{B4B6A0F6-2651-4CE2-BB42-4085F00E7DEB}.Release|Any CPU.ActiveCfg = Release|Any CPU
		{B4B6A0F6-2651-4CE2-BB42-4085F00E7DEB}.Release|Any CPU.Build.0 = Release|Any CPU
		{52599BEA-5571-4B76-9B21-3CEF06B77302}.Debug|Any CPU.ActiveCfg = Debug|Any CPU
		{52599BEA-5571-4B76-9B21-3CEF06B77302}.Debug|Any CPU.Build.0 = Debug|Any CPU
		{52599BEA-5571-4B76-9B21-3CEF06B77302}.Release|Any CPU.ActiveCfg = Release|Any CPU
		{52599BEA-5571-4B76-9B21-3CEF06B77302}.Release|Any CPU.Build.0 = Release|Any CPU
	EndGlobalSection
	GlobalSection(SolutionProperties) = preSolution
		HideSolutionNode = FALSE
	EndGlobalSection
	GlobalSection(NestedProjects) = preSolution
		{C0CFA7D2-1AEF-4194-B350-14F40C09F33D} = {81D60BA9-C947-4FB1-9D4F-6B7CDB34904F}
		{ADFA5E99-4130-4240-8FB1-EF12073D08BE} = {3015D66F-3024-4D11-9CCE-4E58CEE7D3D9}
		{5589F646-A562-46E6-87DA-CB93A64ACEB4} = {AF378B6C-98B5-410A-A978-7286F518C805}
		{0745FFAF-85A6-471A-AF6A-4044D89EE72B} = {E12EC54F-D0C5-40FF-A2D1-C23AD0234C14}
		{B4B6A0F6-2651-4CE2-BB42-4085F00E7DEB} = {E12EC54F-D0C5-40FF-A2D1-C23AD0234C14}
		{52599BEA-5571-4B76-9B21-3CEF06B77302} = {E12EC54F-D0C5-40FF-A2D1-C23AD0234C14}
	EndGlobalSection
	GlobalSection(ExtensibilityGlobals) = postSolution
		SolutionGuid = {A6304119-6CF2-4B91-8507-7E4AFF72BB7A}
	EndGlobalSection
EndGlobal
